
Microsoft Visual Studio Solution File, Format Version 12.00
# Visual Studio Version 16
VisualStudioVersion = 16.0.29411.108
MinimumVisualStudioVersion = 10.0.40219.1
Project("{FAE04EC0-301F-11D3-BF4B-00C04F79EFBC}") = "RamPathFixer", "RamPathFixer\RamPathFixer.csproj", "{BD79516C-5F0A-4BDA-9302-2998BCC94E04}"
EndProject
Global
	GlobalSection(SolutionConfigurationPlatforms) = preSolution
		Debug|Any CPU = Debug|Any CPU
		Release|Any CPU = Release|Any CPU
	EndGlobalSection
	GlobalSection(ProjectConfigurationPlatforms) = postSolution
		{BD79516C-5F0A-4BDA-9302-2998BCC94E04}.Debug|Any CPU.ActiveCfg = Debug|Any CPU
		{BD79516C-5F0A-4BDA-9302-2998BCC94E04}.Debug|Any CPU.Build.0 = Debug|Any CPU
		{BD79516C-5F0A-4BDA-9302-2998BCC94E04}.Release|Any CPU.ActiveCfg = Release|Any CPU
		{BD79516C-5F0A-4BDA-9302-2998BCC94E04}.Release|Any CPU.Build.0 = Release|Any CPU
	EndGlobalSection
	GlobalSection(SolutionProperties) = preSolution
		HideSolutionNode = FALSE
	EndGlobalSection
	GlobalSection(ExtensibilityGlobals) = postSolution
		SolutionGuid = {A71A9D5F-D8FF-4DA6-A695-08911E9B7715}
	EndGlobalSection
EndGlobal
